{
    "_readme": [
        "This file locks the dependencies of your project to a known state",
        "Read more about it at https://getcomposer.org/doc/01-basic-usage.md#composer-lock-the-lock-file",
        "This file is @generated automatically"
    ],
    "hash": "3fae44697a0fc1d34a61216bf001b39d",
    "content-hash": "e3fe2fa811299e1dfd33fd3a4f804f8c",
    "packages": [
        {
            "name": "adambrett/shell-wrapper",
            "version": "dev-master",
            "source": {
                "type": "git",
                "url": "https://github.com/adambrett/php-shell-wrapper.git",
                "reference": "f0fc180b83238c0810064205cff8d43f4b6cd201"
            },
            "dist": {
                "type": "zip",
                "url": "https://api.github.com/repos/adambrett/php-shell-wrapper/zipball/f0fc180b83238c0810064205cff8d43f4b6cd201",
                "reference": "f0fc180b83238c0810064205cff8d43f4b6cd201",
                "shasum": ""
            },
            "require-dev": {
                "covex-nn/phpcb": "*@dev",
                "fzaninotto/faker": "*@dev",
                "mockery/mockery": "*@dev",
                "pdepend/pdepend": "*@dev",
                "phploc/phploc": "*@dev",
                "phpmd/phpmd": "*@dev",
                "phpunit/phpunit": "*@dev",
                "sebastian/phpcpd": "*@dev",
                "squizlabs/php_codesniffer": "*@dev"
            },
            "type": "library",
            "autoload": {
                "psr-4": {
                    "AdamBrett\\ShellWrapper\\": "src"
                }
            },
            "notification-url": "https://packagist.org/downloads/",
            "license": [
                "BDS-3-Clause"
            ],
            "authors": [
                {
                    "name": "Adam Brett",
                    "email": "adam@adambrett.co.uk"
                }
            ],
            "description": "An object oriented wrapper for shell commands",
            "time": "2014-10-16 12:55:02"
        }
    ],
    "packages-dev": [],
    "aliases": [],
    "minimum-stability": "stable",
    "stability-flags": {
        "adambrett/shell-wrapper": 20
    },
    "prefer-stable": false,
    "prefer-lowest": false,
    "platform": [],
    "platform-dev": []
}
